Microsoft Visual Studio Solution File, Format Version 12.00
# Visual Studio 2013
Project("{8BC9CEB8-8B4A-11D0-8D11-00A0C91BC942}") = "ALL_BUILD", "ALL_BUILD.vcxproj", "{7E050FFF-A34E-4B63-ADE4-0EABA8D4DF32}"
	ProjectSection(ProjectDependencies) = postProject
		{1DDD7B84-BA07-4BEE-98BB-01D4D6F209AB} = {1DDD7B84-BA07-4BEE-98BB-01D4D6F209AB}
		{4FF01377-CFA8-4ACB-91D3-05AE1F10B2CB} = {4FF01377-CFA8-4ACB-91D3-05AE1F10B2CB}
		{4EB85010-DB3F-40C6-B39E-F1488164ECD7} = {4EB85010-DB3F-40C6-B39E-F1488164ECD7}
		{F2D82B11-0F02-4E96-A542-9B08C75B371B} = {F2D82B11-0F02-4E96-A542-9B08C75B371B}
		{8388F391-CAC9-4F1F-96BB-177E043B7F22} = {8388F391-CAC9-4F1F-96BB-177E043B7F22}
	EndProjectSection
EndProject
Project("{8BC9CEB8-8B4A-11D0-8D11-00A0C91BC942}") = "CopyRedist46", "src\CopyRedist46.vcxproj", "{0F4F21B4-BFB0-4AFE-83EC-AA987CB85E92}"
	ProjectSection(ProjectDependencies) = postProject
		{F2D82B11-0F02-4E96-A542-9B08C75B371B} = {F2D82B11-0F02-4E96-A542-9B08C75B371B}
	EndProjectSection
EndProject
Project("{8BC9CEB8-8B4A-11D0-8D11-00A0C91BC942}") = "CopyRedist47", "src\CopyRedist47.vcxproj", "{A50DE3D1-3723-45DB-A58F-BC6DAA80FFC3}"
	ProjectSection(ProjectDependencies) = postProject
		{F2D82B11-0F02-4E96-A542-9B08C75B371B} = {F2D82B11-0F02-4E96-A542-9B08C75B371B}
	EndProjectSection
EndProject
Project("{8BC9CEB8-8B4A-11D0-8D11-00A0C91BC942}") = "INSTALL", "INSTALL.vcxproj", "{EB833281-083C-4126-BA88-D87D0D955A61}"
	ProjectSection(ProjectDependencies) = postProject
		{7E050FFF-A34E-4B63-ADE4-0EABA8D4DF32} = {7E050FFF-A34E-4B63-ADE4-0EABA8D4DF32}
	EndProjectSection
EndProject
Project("{8BC9CEB8-8B4A-11D0-8D11-00A0C91BC942}") = "SDL2", "thirdparty\SDL2-2.0.1\SDL2.vcxproj", "{1DDD7B84-BA07-4BEE-98BB-01D4D6F209AB}"
	ProjectSection(ProjectDependencies) = postProject
		{F2D82B11-0F02-4E96-A542-9B08C75B371B} = {F2D82B11-0F02-4E96-A542-9B08C75B371B}
	EndProjectSection
EndProject
Project("{8BC9CEB8-8B4A-11D0-8D11-00A0C91BC942}") = "SDL2-static", "thirdparty\SDL2-2.0.1\SDL2-static.vcxproj", "{4FF01377-CFA8-4ACB-91D3-05AE1F10B2CB}"
	ProjectSection(ProjectDependencies) = postProject
		{F2D82B11-0F02-4E96-A542-9B08C75B371B} = {F2D82B11-0F02-4E96-A542-9B08C75B371B}
	EndProjectSection
EndProject
Project("{8BC9CEB8-8B4A-11D0-8D11-00A0C91BC942}") = "SDL2deployed", "thirdparty\SDL2-2.0.1\SDL2deployed.vcxproj", "{36E3C1F2-BFE0-44DD-AD5F-9FCF2C80B305}"
	ProjectSection(ProjectDependencies) = postProject
		{1DDD7B84-BA07-4BEE-98BB-01D4D6F209AB} = {1DDD7B84-BA07-4BEE-98BB-01D4D6F209AB}
		{F2D82B11-0F02-4E96-A542-9B08C75B371B} = {F2D82B11-0F02-4E96-A542-9B08C75B371B}
	EndProjectSection
EndProject
Project("{8BC9CEB8-8B4A-11D0-8D11-00A0C91BC942}") = "SDL2main", "thirdparty\SDL2-2.0.1\SDL2main.vcxproj", "{4EB85010-DB3F-40C6-B39E-F1488164ECD7}"
	ProjectSection(ProjectDependencies) = postProject
		{F2D82B11-0F02-4E96-A542-9B08C75B371B} = {F2D82B11-0F02-4E96-A542-9B08C75B371B}
	EndProjectSection
EndProject
Project("{8BC9CEB8-8B4A-11D0-8D11-00A0C91BC942}") = "ZERO_CHECK", "ZERO_CHECK.vcxproj", "{F2D82B11-0F02-4E96-A542-9B08C75B371B}"
	ProjectSection(ProjectDependencies) = postProject
	EndProjectSection
EndProject
Project("{8BC9CEB8-8B4A-11D0-8D11-00A0C91BC942}") = "apitest", "src\apitest.vcxproj", "{8388F391-CAC9-4F1F-96BB-177E043B7F22}"
	ProjectSection(ProjectDependencies) = postProject
		{0F4F21B4-BFB0-4AFE-83EC-AA987CB85E92} = {0F4F21B4-BFB0-4AFE-83EC-AA987CB85E92}
		{A50DE3D1-3723-45DB-A58F-BC6DAA80FFC3} = {A50DE3D1-3723-45DB-A58F-BC6DAA80FFC3}
		{1DDD7B84-BA07-4BEE-98BB-01D4D6F209AB} = {1DDD7B84-BA07-4BEE-98BB-01D4D6F209AB}
		{36E3C1F2-BFE0-44DD-AD5F-9FCF2C80B305} = {36E3C1F2-BFE0-44DD-AD5F-9FCF2C80B305}
		{4EB85010-DB3F-40C6-B39E-F1488164ECD7} = {4EB85010-DB3F-40C6-B39E-F1488164ECD7}
		{F2D82B11-0F02-4E96-A542-9B08C75B371B} = {F2D82B11-0F02-4E96-A542-9B08C75B371B}
	EndProjectSection
EndProject
Global
	GlobalSection(SolutionConfigurationPlatforms) = preSolution
		Debug|x64 = Debug|x64
		Release|x64 = Release|x64
		MinSizeRel|x64 = MinSizeRel|x64
		RelWithDebInfo|x64 = RelWithDebInfo|x64
	EndGlobalSection
	GlobalSection(ProjectConfigurationPlatforms) = postSolution
		{7E050FFF-A34E-4B63-ADE4-0EABA8D4DF32}.Debug|x64.ActiveCfg = Debug|x64
		{7E050FFF-A34E-4B63-ADE4-0EABA8D4DF32}.Debug|x64.Build.0 = Debug|x64
		{7E050FFF-A34E-4B63-ADE4-0EABA8D4DF32}.Release|x64.ActiveCfg = Release|x64
		{7E050FFF-A34E-4B63-ADE4-0EABA8D4DF32}.Release|x64.Build.0 = Release|x64
		{7E050FFF-A34E-4B63-ADE4-0EABA8D4DF32}.MinSizeRel|x64.ActiveCfg = MinSizeRel|x64
		{7E050FFF-A34E-4B63-ADE4-0EABA8D4DF32}.MinSizeRel|x64.Build.0 = MinSizeRel|x64
		{7E050FFF-A34E-4B63-ADE4-0EABA8D4DF32}.RelWithDebInfo|x64.ActiveCfg = RelWithDebInfo|x64
		{7E050FFF-A34E-4B63-ADE4-0EABA8D4DF32}.RelWithDebInfo|x64.Build.0 = RelWithDebInfo|x64
		{0F4F21B4-BFB0-4AFE-83EC-AA987CB85E92}.Debug|x64.ActiveCfg = Debug|x64
		{0F4F21B4-BFB0-4AFE-83EC-AA987CB85E92}.Debug|x64.Build.0 = Debug|x64
		{0F4F21B4-BFB0-4AFE-83EC-AA987CB85E92}.Release|x64.ActiveCfg = Release|x64
		{0F4F21B4-BFB0-4AFE-83EC-AA987CB85E92}.Release|x64.Build.0 = Release|x64
		{0F4F21B4-BFB0-4AFE-83EC-AA987CB85E92}.MinSizeRel|x64.ActiveCfg = MinSizeRel|x64
		{0F4F21B4-BFB0-4AFE-83EC-AA987CB85E92}.MinSizeRel|x64.Build.0 = MinSizeRel|x64
		{0F4F21B4-BFB0-4AFE-83EC-AA987CB85E92}.RelWithDebInfo|x64.ActiveCfg = RelWithDebInfo|x64
		{0F4F21B4-BFB0-4AFE-83EC-AA987CB85E92}.RelWithDebInfo|x64.Build.0 = RelWithDebInfo|x64
		{A50DE3D1-3723-45DB-A58F-BC6DAA80FFC3}.Debug|x64.ActiveCfg = Debug|x64
		{A50DE3D1-3723-45DB-A58F-BC6DAA80FFC3}.Debug|x64.Build.0 = Debug|x64
		{A50DE3D1-3723-45DB-A58F-BC6DAA80FFC3}.Release|x64.ActiveCfg = Release|x64
		{A50DE3D1-3723-45DB-A58F-BC6DAA80FFC3}.Release|x64.Build.0 = Release|x64
		{A50DE3D1-3723-45DB-A58F-BC6DAA80FFC3}.MinSizeRel|x64.ActiveCfg = MinSizeRel|x64
		{A50DE3D1-3723-45DB-A58F-BC6DAA80FFC3}.MinSizeRel|x64.Build.0 = MinSizeRel|x64
		{A50DE3D1-3723-45DB-A58F-BC6DAA80FFC3}.RelWithDebInfo|x64.ActiveCfg = RelWithDebInfo|x64
		{A50DE3D1-3723-45DB-A58F-BC6DAA80FFC3}.RelWithDebInfo|x64.Build.0 = RelWithDebInfo|x64
		{EB833281-083C-4126-BA88-D87D0D955A61}.Debug|x64.ActiveCfg = Debug|x64
		{EB833281-083C-4126-BA88-D87D0D955A61}.Release|x64.ActiveCfg = Release|x64
		{EB833281-083C-4126-BA88-D87D0D955A61}.MinSizeRel|x64.ActiveCfg = MinSizeRel|x64
		{EB833281-083C-4126-BA88-D87D0D955A61}.RelWithDebInfo|x64.ActiveCfg = RelWithDebInfo|x64
		{1DDD7B84-BA07-4BEE-98BB-01D4D6F209AB}.Debug|x64.ActiveCfg = Debug|x64
		{1DDD7B84-BA07-4BEE-98BB-01D4D6F209AB}.Debug|x64.Build.0 = Debug|x64
		{1DDD7B84-BA07-4BEE-98BB-01D4D6F209AB}.Release|x64.ActiveCfg = Release|x64
		{1DDD7B84-BA07-4BEE-98BB-01D4D6F209AB}.Release|x64.Build.0 = Release|x64
		{1DDD7B84-BA07-4BEE-98BB-01D4D6F209AB}.MinSizeRel|x64.ActiveCfg = MinSizeRel|x64
		{1DDD7B84-BA07-4BEE-98BB-01D4D6F209AB}.MinSizeRel|x64.Build.0 = MinSizeRel|x64
		{1DDD7B84-BA07-4BEE-98BB-01D4D6F209AB}.RelWithDebInfo|x64.ActiveCfg = RelWithDebInfo|x64
		{1DDD7B84-BA07-4BEE-98BB-01D4D6F209AB}.RelWithDebInfo|x64.Build.0 = RelWithDebInfo|x64
		{4FF01377-CFA8-4ACB-91D3-05AE1F10B2CB}.Debug|x64.ActiveCfg = Debug|x64
		{4FF01377-CFA8-4ACB-91D3-05AE1F10B2CB}.Debug|x64.Build.0 = Debug|x64
		{4FF01377-CFA8-4ACB-91D3-05AE1F10B2CB}.Release|x64.ActiveCfg = Release|x64
		{4FF01377-CFA8-4ACB-91D3-05AE1F10B2CB}.Release|x64.Build.0 = Release|x64
		{4FF01377-CFA8-4ACB-91D3-05AE1F10B2CB}.MinSizeRel|x64.ActiveCfg = MinSizeRel|x64
		{4FF01377-CFA8-4ACB-91D3-05AE1F10B2CB}.MinSizeRel|x64.Build.0 = MinSizeRel|x64
		{4FF01377-CFA8-4ACB-91D3-05AE1F10B2CB}.RelWithDebInfo|x64.ActiveCfg = RelWithDebInfo|x64
		{4FF01377-CFA8-4ACB-91D3-05AE1F10B2CB}.RelWithDebInfo|x64.Build.0 = RelWithDebInfo|x64
		{36E3C1F2-BFE0-44DD-AD5F-9FCF2C80B305}.Debug|x64.ActiveCfg = Debug|x64
		{36E3C1F2-BFE0-44DD-AD5F-9FCF2C80B305}.Debug|x64.Build.0 = Debug|x64
		{36E3C1F2-BFE0-44DD-AD5F-9FCF2C80B305}.Release|x64.ActiveCfg = Release|x64
		{36E3C1F2-BFE0-44DD-AD5F-9FCF2C80B305}.Release|x64.Build.0 = Release|x64
		{36E3C1F2-BFE0-44DD-AD5F-9FCF2C80B305}.MinSizeRel|x64.ActiveCfg = MinSizeRel|x64
		{36E3C1F2-BFE0-44DD-AD5F-9FCF2C80B305}.MinSizeRel|x64.Build.0 = MinSizeRel|x64
		{36E3C1F2-BFE0-44DD-AD5F-9FCF2C80B305}.RelWithDebInfo|x64.ActiveCfg = RelWithDebInfo|x64
		{36E3C1F2-BFE0-44DD-AD5F-9FCF2C80B305}.RelWithDebInfo|x64.Build.0 = RelWithDebInfo|x64
		{4EB85010-DB3F-40C6-B39E-F1488164ECD7}.Debug|x64.ActiveCfg = Debug|x64
		{4EB85010-DB3F-40C6-B39E-F1488164ECD7}.Debug|x64.Build.0 = Debug|x64
		{4EB85010-DB3F-40C6-B39E-F1488164ECD7}.Release|x64.ActiveCfg = Release|x64
		{4EB85010-DB3F-40C6-B39E-F1488164ECD7}.Release|x64.Build.0 = Release|x64
		{4EB85010-DB3F-40C6-B39E-F1488164ECD7}.MinSizeRel|x64.ActiveCfg = MinSizeRel|x64
		{4EB85010-DB3F-40C6-B39E-F1488164ECD7}.MinSizeRel|x64.Build.0 = MinSizeRel|x64
		{4EB85010-DB3F-40C6-B39E-F1488164ECD7}.RelWithDebInfo|x64.ActiveCfg = RelWithDebInfo|x64
		{4EB85010-DB3F-40C6-B39E-F1488164ECD7}.RelWithDebInfo|x64.Build.0 = RelWithDebInfo|x64
		{F2D82B11-0F02-4E96-A542-9B08C75B371B}.Debug|x64.ActiveCfg = Debug|x64
		{F2D82B11-0F02-4E96-A542-9B08C75B371B}.Debug|x64.Build.0 = Debug|x64
		{F2D82B11-0F02-4E96-A542-9B08C75B371B}.Release|x64.ActiveCfg = Release|x64
		{F2D82B11-0F02-4E96-A542-9B08C75B371B}.Release|x64.Build.0 = Release|x64
		{F2D82B11-0F02-4E96-A542-9B08C75B371B}.MinSizeRel|x64.ActiveCfg = MinSizeRel|x64
		{F2D82B11-0F02-4E96-A542-9B08C75B371B}.MinSizeRel|x64.Build.0 = MinSizeRel|x64
		{F2D82B11-0F02-4E96-A542-9B08C75B371B}.RelWithDebInfo|x64.ActiveCfg = RelWithDebInfo|x64
		{F2D82B11-0F02-4E96-A542-9B08C75B371B}.RelWithDebInfo|x64.Build.0 = RelWithDebInfo|x64
		{8388F391-CAC9-4F1F-96BB-177E043B7F22}.Debug|x64.ActiveCfg = Debug|x64
		{8388F391-CAC9-4F1F-96BB-177E043B7F22}.Debug|x64.Build.0 = Debug|x64
		{8388F391-CAC9-4F1F-96BB-177E043B7F22}.Release|x64.ActiveCfg = Release|x64
		{8388F391-CAC9-4F1F-96BB-177E043B7F22}.Release|x64.Build.0 = Release|x64
		{8388F391-CAC9-4F1F-96BB-177E043B7F22}.MinSizeRel|x64.ActiveCfg = MinSizeRel|x64
		{8388F391-CAC9-4F1F-96BB-177E043B7F22}.MinSizeRel|x64.Build.0 = MinSizeRel|x64
		{8388F391-CAC9-4F1F-96BB-177E043B7F22}.RelWithDebInfo|x64.ActiveCfg = RelWithDebInfo|x64
		{8388F391-CAC9-4F1F-96BB-177E043B7F22}.RelWithDebInfo|x64.Build.0 = RelWithDebInfo|x64
	EndGlobalSection
	GlobalSection(ExtensibilityGlobals) = postSolution
	EndGlobalSection
	GlobalSection(ExtensibilityAddIns) = postSolution
	EndGlobalSection
EndGlobal
