<?xml version="1.0" encoding="UTF-8"?>
<Project ToolsVersion="12.0" xmlns="http://schemas.microsoft.com/developer/msbuild/2003">
  <ItemGroup>
    <CustomBuild Include="C:\Users\jerry\Documents\apitest\vs2013\CMakeFiles\1782be204c073736af4e0470bff47d37\generate.stamp.rule">
      <Filter>CMake Rules</Filter>
    </CustomBuild>
  </ItemGroup>
  <ItemGroup>
    <Filter Include="CMake Rules">
      <UniqueIdentifier>{37F13BA8-1BE3-42D8-82F3-8E25E110EB24}</UniqueIdentifier>
    </Filter>
  </ItemGroup>
</Project>
