<?xml version="1.0" encoding="UTF-8"?>
<Project ToolsVersion="12.0" xmlns="http://schemas.microsoft.com/developer/msbuild/2003">
  <ItemGroup>
    <ClCompile Include="C:\Users\jerry\Documents\apitest\src\framework\apitest.cpp">
      <Filter>Framework</Filter>
    </ClCompile>
    <ClCompile Include="C:\Users\jerry\Documents\apitest\src\framework\appstate.cpp">
      <Filter>Framework</Filter>
    </ClCompile>
    <ClCompile Include="C:\Users\jerry\Documents\apitest\src\framework\buffer.cpp">
      <Filter>Framework</Filter>
    </ClCompile>
    <ClCompile Include="C:\Users\jerry\Documents\apitest\src\framework\bufferlock.cpp">
      <Filter>Framework</Filter>
    </ClCompile>
    <ClCompile Include="C:\Users\jerry\Documents\apitest\src\framework\console.cpp">
      <Filter>Framework</Filter>
    </ClCompile>
    <ClCompile Include="C:\Users\jerry\Documents\apitest\src\framework\factory.cpp">
      <Filter>Framework</Filter>
    </ClCompile>
    <ClCompile Include="C:\Users\jerry\Documents\apitest\src\framework\gfx_gl.cpp">
      <Filter>Framework</Filter>
    </ClCompile>
    <ClCompile Include="C:\Users\jerry\Documents\apitest\src\framework\options.cpp">
      <Filter>Framework</Filter>
    </ClCompile>
    <ClCompile Include="C:\Users\jerry\Documents\apitest\src\framework\os.cpp">
      <Filter>Framework</Filter>
    </ClCompile>
    <ClCompile Include="C:\Users\jerry\Documents\apitest\src\framework\sparse_bindless_texarray.cpp">
      <Filter>Framework</Filter>
    </ClCompile>
    <ClCompile Include="C:\Users\jerry\Documents\apitest\src\framework\timer.cpp">
      <Filter>Framework</Filter>
    </ClCompile>
    <ClCompile Include="C:\Users\jerry\Documents\apitest\src\GL\glextensions.cpp">
      <Filter>GL</Filter>
    </ClCompile>
    <ClCompile Include="C:\Users\jerry\Documents\apitest\src\problems\dynamicstreaming.cpp">
      <Filter>Problems</Filter>
    </ClCompile>
    <ClCompile Include="C:\Users\jerry\Documents\apitest\src\problems\null.cpp">
      <Filter>Problems</Filter>
    </ClCompile>
    <ClCompile Include="C:\Users\jerry\Documents\apitest\src\problems\problem.cpp">
      <Filter>Problems</Filter>
    </ClCompile>
    <ClCompile Include="C:\Users\jerry\Documents\apitest\src\problems\texturedquads.cpp">
      <Filter>Problems</Filter>
    </ClCompile>
    <ClCompile Include="C:\Users\jerry\Documents\apitest\src\problems\untexturedobjects.cpp">
      <Filter>Problems</Filter>
    </ClCompile>
    <ClCompile Include="C:\Users\jerry\Documents\apitest\src\solutions\dynamicstreamingsoln.cpp">
      <Filter>Solutions\DynamicStreaming</Filter>
    </ClCompile>
    <ClCompile Include="C:\Users\jerry\Documents\apitest\src\solutions\nullsoln.cpp">
      <Filter>Solutions\Null</Filter>
    </ClCompile>
    <ClCompile Include="C:\Users\jerry\Documents\apitest\src\solutions\solution.cpp">
      <Filter>Solutions</Filter>
    </ClCompile>
    <ClCompile Include="C:\Users\jerry\Documents\apitest\src\solutions\texturedquadssoln.cpp">
      <Filter>Solutions\TexturedQuads</Filter>
    </ClCompile>
    <ClCompile Include="C:\Users\jerry\Documents\apitest\src\solutions\untexturedobjectssoln.cpp">
      <Filter>Solutions\UntexturedObjects</Filter>
    </ClCompile>
    <ClCompile Include="C:\Users\jerry\Documents\apitest\src\solutions\dynamicstreaming\gl\buffersubdata.cpp">
      <Filter>Solutions\DynamicStreaming\GL\BufferSubData</Filter>
    </ClCompile>
    <ClCompile Include="C:\Users\jerry\Documents\apitest\src\solutions\dynamicstreaming\gl\mapunsynchronized.cpp">
      <Filter>Solutions\DynamicStreaming\GL\MapUnsynchronized</Filter>
    </ClCompile>
    <ClCompile Include="C:\Users\jerry\Documents\apitest\src\solutions\dynamicstreaming\gl\mappersistent.cpp">
      <Filter>Solutions\DynamicStreaming\GL\MapPersistent</Filter>
    </ClCompile>
    <ClCompile Include="C:\Users\jerry\Documents\apitest\src\solutions\texturedquads\gl\bindless.cpp">
      <Filter>Solutions\TexturedQuads\GL\Bindless</Filter>
    </ClCompile>
    <ClCompile Include="C:\Users\jerry\Documents\apitest\src\solutions\texturedquads\gl\bindlessmultidraw.cpp">
      <Filter>Solutions\TexturedQuads\GL\BindlessMultidraw</Filter>
    </ClCompile>
    <ClCompile Include="C:\Users\jerry\Documents\apitest\src\solutions\texturedquads\gl\naive.cpp">
      <Filter>Solutions\TexturedQuads\GL\Naive</Filter>
    </ClCompile>
    <ClCompile Include="C:\Users\jerry\Documents\apitest\src\solutions\texturedquads\gl\naiveuniform.cpp">
      <Filter>Solutions\TexturedQuads\GL\NaiveUniform</Filter>
    </ClCompile>
    <ClCompile Include="C:\Users\jerry\Documents\apitest\src\solutions\texturedquads\gl\notex.cpp">
      <Filter>Solutions\TexturedQuads\GL\Notex (SOL)</Filter>
    </ClCompile>
    <ClCompile Include="C:\Users\jerry\Documents\apitest\src\solutions\texturedquads\gl\notexuniform.cpp">
      <Filter>Solutions\TexturedQuads\GL\NotexUniform</Filter>
    </ClCompile>
    <ClCompile Include="C:\Users\jerry\Documents\apitest\src\solutions\texturedquads\gl\texturearray.cpp">
      <Filter>Solutions\TexturedQuads\GL\TextureArray</Filter>
    </ClCompile>
    <ClCompile Include="C:\Users\jerry\Documents\apitest\src\solutions\texturedquads\gl\texturearrayuniform.cpp">
      <Filter>Solutions\TexturedQuads\GL\TextureArrayUniform</Filter>
    </ClCompile>
    <ClCompile Include="C:\Users\jerry\Documents\apitest\src\solutions\texturedquads\gl\texturearraymultidraw.cpp">
      <Filter>Solutions\TexturedQuads\GL\TextureArrayMultidraw</Filter>
    </ClCompile>
    <ClCompile Include="C:\Users\jerry\Documents\apitest\src\solutions\texturedquads\gl\texturearraymultidrawbuffer.cpp">
      <Filter>Solutions\TexturedQuads\GL\TextureArrayMultidrawBuffer</Filter>
    </ClCompile>
    <ClCompile Include="C:\Users\jerry\Documents\apitest\src\solutions\texturedquads\gl\sparsebindlesstexturearray.cpp">
      <Filter>Solutions\TexturedQuads\GL\SparseBindlessTextureArray</Filter>
    </ClCompile>
    <ClCompile Include="C:\Users\jerry\Documents\apitest\src\solutions\texturedquads\gl\sparsebindlesstexturearraymultidraw.cpp">
      <Filter>Solutions\TexturedQuads\GL\SparseBindlessTextureArrayMultidraw</Filter>
    </ClCompile>
    <ClCompile Include="C:\Users\jerry\Documents\apitest\src\solutions\untexturedobjects\gl\bindless.cpp">
      <Filter>Solutions\UntexturedObjects\GL\Bindless</Filter>
    </ClCompile>
    <ClCompile Include="C:\Users\jerry\Documents\apitest\src\solutions\untexturedobjects\gl\bindlessindirect.cpp">
      <Filter>Solutions\UntexturedObjects\GL\BindlessIndirect</Filter>
    </ClCompile>
    <ClCompile Include="C:\Users\jerry\Documents\apitest\src\solutions\untexturedobjects\gl\bufferrange.cpp">
      <Filter>Solutions\UntexturedObjects\GL\BufferRange</Filter>
    </ClCompile>
    <ClCompile Include="C:\Users\jerry\Documents\apitest\src\solutions\untexturedobjects\gl\bufferstorage.cpp">
      <Filter>Solutions\UntexturedObjects\GL\BufferStorage</Filter>
    </ClCompile>
    <ClCompile Include="C:\Users\jerry\Documents\apitest\src\solutions\untexturedobjects\gl\dynamicbuffer.cpp">
      <Filter>Solutions\UntexturedObjects\GL\DynamicBuffer</Filter>
    </ClCompile>
    <ClCompile Include="C:\Users\jerry\Documents\apitest\src\solutions\untexturedobjects\gl\drawloop.cpp">
      <Filter>Solutions\UntexturedObjects\GL\DrawLoop</Filter>
    </ClCompile>
    <ClCompile Include="C:\Users\jerry\Documents\apitest\src\solutions\untexturedobjects\gl\mapunsynchronized.cpp">
      <Filter>Solutions\UntexturedObjects\GL\MapUnsynchronized</Filter>
    </ClCompile>
    <ClCompile Include="C:\Users\jerry\Documents\apitest\src\solutions\untexturedobjects\gl\mappersistent.cpp">
      <Filter>Solutions\UntexturedObjects\GL\MapPersistent</Filter>
    </ClCompile>
    <ClCompile Include="C:\Users\jerry\Documents\apitest\src\solutions\untexturedobjects\gl\multidraw.cpp">
      <Filter>Solutions\UntexturedObjects\GL\MultiDraw</Filter>
    </ClCompile>
    <ClCompile Include="C:\Users\jerry\Documents\apitest\src\solutions\untexturedobjects\gl\multidrawbuffer.cpp">
      <Filter>Solutions\UntexturedObjects\GL\MultiDrawBuffer</Filter>
    </ClCompile>
    <ClCompile Include="C:\Users\jerry\Documents\apitest\src\solutions\untexturedobjects\gl\texcoord.cpp">
      <Filter>Solutions\UntexturedObjects\GL\TexCoord</Filter>
    </ClCompile>
    <ClCompile Include="C:\Users\jerry\Documents\apitest\src\solutions\untexturedobjects\gl\uniform.cpp">
      <Filter>Solutions\UntexturedObjects\GL\Uniforms</Filter>
    </ClCompile>
    <ClCompile Include="C:\Users\jerry\Documents\apitest\src\framework\gfx_dx11.cpp">
      <Filter>Framework</Filter>
    </ClCompile>
    <ClCompile Include="C:\Users\jerry\Documents\apitest\src\solutions\untexturedobjects\d3d11\naive.cpp">
      <Filter>Solutions\UntexturedObjects\D3D11\Naive</Filter>
    </ClCompile>
    <ClCompile Include="C:\Users\jerry\Documents\apitest\src\solutions\dynamicstreaming\d3d11\mapnooverwrite.cpp">
      <Filter>Solutions\DynamicStreaming\D3D11\MapNoOverwrite</Filter>
    </ClCompile>
    <ClCompile Include="C:\Users\jerry\Documents\apitest\src\solutions\dynamicstreaming\d3d11\updatesubresource.cpp">
      <Filter>Solutions\DynamicStreaming\D3D11\UpdateSubResource</Filter>
    </ClCompile>
    <ClCompile Include="C:\Users\jerry\Documents\apitest\src\solutions\texturedquads\d3d11\naive.cpp">
      <Filter>Solutions\TexturedQuads\D3D11\Naive</Filter>
    </ClCompile>
    <ClCompile Include="C:\Users\jerry\Documents\apitest\src\framework\gfx_dx12.cpp">
      <Filter>Framework</Filter>
    </ClCompile>
    <ClCompile Include="C:\Users\jerry\Documents\apitest\src\solutions\untexturedobjects\d3d12\setconstants.cpp">
      <Filter>Solutions\UntexturedObjects\D3D12\SetConstants</Filter>
    </ClCompile>
    <ClCompile Include="C:\Users\jerry\Documents\apitest\src\solutions\untexturedobjects\d3d12\setconstantbufferview.cpp">
      <Filter>Solutions\UntexturedObjects\D3D12\SetConstantBufferView</Filter>
    </ClCompile>
    <ClCompile Include="C:\Users\jerry\Documents\apitest\src\solutions\untexturedobjects\d3d12\executeindirect.cpp">
      <Filter>Solutions\UntexturedObjects\D3D12\ExecuteIndirect</Filter>
    </ClCompile>
    <ClCompile Include="C:\Users\jerry\Documents\apitest\src\solutions\untexturedobjects\d3d12\multithread.cpp">
      <Filter>Solutions\UntexturedObjects\D3D12\MultiThread</Filter>
    </ClCompile>
    <ClCompile Include="C:\Users\jerry\Documents\apitest\src\solutions\dynamicstreaming\d3d12\map.cpp">
      <Filter>Solutions\DynamicStreaming\D3D12\Map</Filter>
    </ClCompile>
    <ClCompile Include="C:\Users\jerry\Documents\apitest\src\solutions\dynamicstreaming\d3d12\multithread.cpp">
      <Filter>Solutions\DynamicStreaming\D3D12\MultiThread</Filter>
    </ClCompile>
    <ClCompile Include="C:\Users\jerry\Documents\apitest\src\solutions\texturedquads\d3d12\naive.cpp">
      <Filter>Solutions\TexturedQuads\D3D12\Naive</Filter>
    </ClCompile>
    <ClCompile Include="C:\Users\jerry\Documents\apitest\src\solutions\texturedquads\d3d12\multithread.cpp">
      <Filter>Solutions\TexturedQuads\D3D12\MultiThread</Filter>
    </ClCompile>
    <ClCompile Include="C:\Users\jerry\Documents\apitest\src\solutions\texturedquads\d3d12\notex.cpp">
      <Filter>Solutions\TexturedQuads\D3D12\Notex(SOL)</Filter>
    </ClCompile>
    <ClCompile Include="C:\Users\jerry\Documents\apitest\src\pch.cpp">
      <Filter>PCH</Filter>
    </ClCompile>
  </ItemGroup>
  <ItemGroup>
    <ClInclude Include="C:\Users\jerry\Documents\apitest\src\framework\appstate.h">
      <Filter>Framework</Filter>
    </ClInclude>
    <ClInclude Include="C:\Users\jerry\Documents\apitest\src\framework\buffer.h">
      <Filter>Framework</Filter>
    </ClInclude>
    <ClInclude Include="C:\Users\jerry\Documents\apitest\src\framework\bufferlock.h">
      <Filter>Framework</Filter>
    </ClInclude>
    <ClInclude Include="C:\Users\jerry\Documents\apitest\src\framework\console.h">
      <Filter>Framework</Filter>
    </ClInclude>
    <ClInclude Include="C:\Users\jerry\Documents\apitest\src\framework\dds_helper.h">
      <Filter>Framework</Filter>
    </ClInclude>
    <ClInclude Include="C:\Users\jerry\Documents\apitest\src\framework\factory.h">
      <Filter>Framework</Filter>
    </ClInclude>
    <ClInclude Include="C:\Users\jerry\Documents\apitest\src\framework\gfx.h">
      <Filter>Framework</Filter>
    </ClInclude>
    <ClInclude Include="C:\Users\jerry\Documents\apitest\src\framework\gfx_dx11.h">
      <Filter>Framework</Filter>
    </ClInclude>
    <ClInclude Include="C:\Users\jerry\Documents\apitest\src\framework\gfx_dx12.h">
      <Filter>Framework</Filter>
    </ClInclude>
    <ClInclude Include="C:\Users\jerry\Documents\apitest\src\framework\gfx_gl.h">
      <Filter>Framework</Filter>
    </ClInclude>
    <ClInclude Include="C:\Users\jerry\Documents\apitest\src\framework\mathlib.h">
      <Filter>Framework</Filter>
    </ClInclude>
    <ClInclude Include="C:\Users\jerry\Documents\apitest\src\framework\options.h">
      <Filter>Framework</Filter>
    </ClInclude>
    <ClInclude Include="C:\Users\jerry\Documents\apitest\src\framework\os.h">
      <Filter>Framework</Filter>
    </ClInclude>
    <ClInclude Include="C:\Users\jerry\Documents\apitest\src\framework\sparse_bindless_texarray.h">
      <Filter>Framework</Filter>
    </ClInclude>
    <ClInclude Include="C:\Users\jerry\Documents\apitest\src\framework\timer.h">
      <Filter>Framework</Filter>
    </ClInclude>
    <ClInclude Include="C:\Users\jerry\Documents\apitest\src\GL\glcorearb.h">
      <Filter>GL</Filter>
    </ClInclude>
    <ClInclude Include="C:\Users\jerry\Documents\apitest\src\GL\glext.h">
      <Filter>GL</Filter>
    </ClInclude>
    <ClInclude Include="C:\Users\jerry\Documents\apitest\src\GL\glextensions.h">
      <Filter>GL</Filter>
    </ClInclude>
    <ClInclude Include="C:\Users\jerry\Documents\apitest\src\GL\wglext.h">
      <Filter>GL</Filter>
    </ClInclude>
    <ClInclude Include="C:\Users\jerry\Documents\apitest\src\pch.h">
      <Filter>PCH</Filter>
    </ClInclude>
    <ClInclude Include="C:\Users\jerry\Documents\apitest\src\problems\dynamicstreaming.h">
      <Filter>Problems</Filter>
    </ClInclude>
    <ClInclude Include="C:\Users\jerry\Documents\apitest\src\problems\null.h">
      <Filter>Problems</Filter>
    </ClInclude>
    <ClInclude Include="C:\Users\jerry\Documents\apitest\src\problems\problem.h">
      <Filter>Problems</Filter>
    </ClInclude>
    <ClInclude Include="C:\Users\jerry\Documents\apitest\src\problems\texturedquads.h">
      <Filter>Problems</Filter>
    </ClInclude>
    <ClInclude Include="C:\Users\jerry\Documents\apitest\src\problems\untexturedobjects.h">
      <Filter>Problems</Filter>
    </ClInclude>
    <ClInclude Include="C:\Users\jerry\Documents\apitest\src\solutions\dynamicstreaming\d3d11\mapnooverwrite.h">
      <Filter>Solutions\DynamicStreaming\D3D11\MapNoOverwrite</Filter>
    </ClInclude>
    <ClInclude Include="C:\Users\jerry\Documents\apitest\src\solutions\dynamicstreaming\d3d11\updatesubresource.h">
      <Filter>Solutions\DynamicStreaming\D3D11\UpdateSubResource</Filter>
    </ClInclude>
    <ClInclude Include="C:\Users\jerry\Documents\apitest\src\solutions\dynamicstreaming\d3d12\map.h">
      <Filter>Solutions\DynamicStreaming\D3D12\Map</Filter>
    </ClInclude>
    <ClInclude Include="C:\Users\jerry\Documents\apitest\src\solutions\dynamicstreaming\d3d12\multithread.h">
      <Filter>Solutions\DynamicStreaming\D3D12\MultiThread</Filter>
    </ClInclude>
    <ClInclude Include="C:\Users\jerry\Documents\apitest\src\solutions\dynamicstreaming\gl\buffersubdata.h">
      <Filter>Solutions\DynamicStreaming\GL\BufferSubData</Filter>
    </ClInclude>
    <ClInclude Include="C:\Users\jerry\Documents\apitest\src\solutions\dynamicstreaming\gl\mappersistent.h">
      <Filter>Solutions\DynamicStreaming\GL\MapPersistent</Filter>
    </ClInclude>
    <ClInclude Include="C:\Users\jerry\Documents\apitest\src\solutions\dynamicstreaming\gl\mapunsynchronized.h">
      <Filter>Solutions\DynamicStreaming\GL\MapUnsynchronized</Filter>
    </ClInclude>
    <ClInclude Include="C:\Users\jerry\Documents\apitest\src\solutions\dynamicstreamingsoln.h">
      <Filter>Solutions\DynamicStreaming</Filter>
    </ClInclude>
    <ClInclude Include="C:\Users\jerry\Documents\apitest\src\solutions\nullsoln.h">
      <Filter>Solutions\Null</Filter>
    </ClInclude>
    <ClInclude Include="C:\Users\jerry\Documents\apitest\src\solutions\solution.h">
      <Filter>Solutions</Filter>
    </ClInclude>
    <ClInclude Include="C:\Users\jerry\Documents\apitest\src\solutions\texturedquads\d3d11\naive.h">
      <Filter>Solutions\TexturedQuads\D3D11\Naive</Filter>
    </ClInclude>
    <ClInclude Include="C:\Users\jerry\Documents\apitest\src\solutions\texturedquads\d3d12\multithread.h">
      <Filter>Solutions\TexturedQuads\D3D12\MultiThread</Filter>
    </ClInclude>
    <ClInclude Include="C:\Users\jerry\Documents\apitest\src\solutions\texturedquads\d3d12\naive.h">
      <Filter>Solutions\TexturedQuads\D3D12\Naive</Filter>
    </ClInclude>
    <ClInclude Include="C:\Users\jerry\Documents\apitest\src\solutions\texturedquads\d3d12\notex.h">
      <Filter>Solutions\TexturedQuads\D3D12\Notex(SOL)</Filter>
    </ClInclude>
    <ClInclude Include="C:\Users\jerry\Documents\apitest\src\solutions\texturedquads\gl\bindless.h">
      <Filter>Solutions\TexturedQuads\GL\Bindless</Filter>
    </ClInclude>
    <ClInclude Include="C:\Users\jerry\Documents\apitest\src\solutions\texturedquads\gl\bindlessmultidraw.h">
      <Filter>Solutions\TexturedQuads\GL\BindlessMultidraw</Filter>
    </ClInclude>
    <ClInclude Include="C:\Users\jerry\Documents\apitest\src\solutions\texturedquads\gl\naive.h">
      <Filter>Solutions\TexturedQuads\GL\Naive</Filter>
    </ClInclude>
    <ClInclude Include="C:\Users\jerry\Documents\apitest\src\solutions\texturedquads\gl\naiveuniform.h">
      <Filter>Solutions\TexturedQuads\GL\NaiveUniform</Filter>
    </ClInclude>
    <ClInclude Include="C:\Users\jerry\Documents\apitest\src\solutions\texturedquads\gl\notex.h">
      <Filter>Solutions\TexturedQuads\GL\Notex (SOL)</Filter>
    </ClInclude>
    <ClInclude Include="C:\Users\jerry\Documents\apitest\src\solutions\texturedquads\gl\notexuniform.h">
      <Filter>Solutions\TexturedQuads\GL\NotexUniform</Filter>
    </ClInclude>
    <ClInclude Include="C:\Users\jerry\Documents\apitest\src\solutions\texturedquads\gl\sparsebindlesstexturearray.h">
      <Filter>Solutions\TexturedQuads\GL\SparseBindlessTextureArray</Filter>
    </ClInclude>
    <ClInclude Include="C:\Users\jerry\Documents\apitest\src\solutions\texturedquads\gl\sparsebindlesstexturearraymultidraw.h">
      <Filter>Solutions\TexturedQuads\GL\SparseBindlessTextureArrayMultidraw</Filter>
    </ClInclude>
    <ClInclude Include="C:\Users\jerry\Documents\apitest\src\solutions\texturedquads\gl\texturearray.h">
      <Filter>Solutions\TexturedQuads\GL\TextureArray</Filter>
    </ClInclude>
    <ClInclude Include="C:\Users\jerry\Documents\apitest\src\solutions\texturedquads\gl\texturearraymultidraw.h">
      <Filter>Solutions\TexturedQuads\GL\TextureArrayMultidraw</Filter>
    </ClInclude>
    <ClInclude Include="C:\Users\jerry\Documents\apitest\src\solutions\texturedquads\gl\texturearraymultidrawbuffer.h">
      <Filter>Solutions\TexturedQuads\GL\TextureArrayMultidrawBuffer</Filter>
    </ClInclude>
    <ClInclude Include="C:\Users\jerry\Documents\apitest\src\solutions\texturedquads\gl\texturearrayuniform.h">
      <Filter>Solutions\TexturedQuads\GL\TextureArrayUniform</Filter>
    </ClInclude>
    <ClInclude Include="C:\Users\jerry\Documents\apitest\src\solutions\texturedquadssoln.h">
      <Filter>Solutions\TexturedQuads</Filter>
    </ClInclude>
    <ClInclude Include="C:\Users\jerry\Documents\apitest\src\solutions\untexturedobjects\d3d11\naive.h">
      <Filter>Solutions\UntexturedObjects\D3D11\Naive</Filter>
    </ClInclude>
    <ClInclude Include="C:\Users\jerry\Documents\apitest\src\solutions\untexturedobjects\d3d12\executeindirect.h">
      <Filter>Solutions\UntexturedObjects\D3D12\ExecuteIndirect</Filter>
    </ClInclude>
    <ClInclude Include="C:\Users\jerry\Documents\apitest\src\solutions\untexturedobjects\d3d12\multithread.h">
      <Filter>Solutions\UntexturedObjects\D3D12\MultiThread</Filter>
    </ClInclude>
    <ClInclude Include="C:\Users\jerry\Documents\apitest\src\solutions\untexturedobjects\d3d12\setconstantbufferview.h">
      <Filter>Solutions\UntexturedObjects\D3D12\SetConstantBufferView</Filter>
    </ClInclude>
    <ClInclude Include="C:\Users\jerry\Documents\apitest\src\solutions\untexturedobjects\d3d12\setconstants.h">
      <Filter>Solutions\UntexturedObjects\D3D12\SetConstants</Filter>
    </ClInclude>
    <ClInclude Include="C:\Users\jerry\Documents\apitest\src\solutions\untexturedobjects\gl\bindless.h">
      <Filter>Solutions\UntexturedObjects\GL\Bindless</Filter>
    </ClInclude>
    <ClInclude Include="C:\Users\jerry\Documents\apitest\src\solutions\untexturedobjects\gl\bindlessindirect.h">
      <Filter>Solutions\UntexturedObjects\GL\BindlessIndirect</Filter>
    </ClInclude>
    <ClInclude Include="C:\Users\jerry\Documents\apitest\src\solutions\untexturedobjects\gl\bufferrange.h">
      <Filter>Solutions\UntexturedObjects\GL\BufferRange</Filter>
    </ClInclude>
    <ClInclude Include="C:\Users\jerry\Documents\apitest\src\solutions\untexturedobjects\gl\bufferstorage.h">
      <Filter>Solutions\UntexturedObjects\GL\BufferStorage</Filter>
    </ClInclude>
    <ClInclude Include="C:\Users\jerry\Documents\apitest\src\solutions\untexturedobjects\gl\drawloop.h">
      <Filter>Solutions\UntexturedObjects\GL\DrawLoop</Filter>
    </ClInclude>
    <ClInclude Include="C:\Users\jerry\Documents\apitest\src\solutions\untexturedobjects\gl\dynamicbuffer.h">
      <Filter>Solutions\UntexturedObjects\GL\DynamicBuffer</Filter>
    </ClInclude>
    <ClInclude Include="C:\Users\jerry\Documents\apitest\src\solutions\untexturedobjects\gl\mappersistent.h">
      <Filter>Solutions\UntexturedObjects\GL\MapPersistent</Filter>
    </ClInclude>
    <ClInclude Include="C:\Users\jerry\Documents\apitest\src\solutions\untexturedobjects\gl\mapunsynchronized.h">
      <Filter>Solutions\UntexturedObjects\GL\MapUnsynchronized</Filter>
    </ClInclude>
    <ClInclude Include="C:\Users\jerry\Documents\apitest\src\solutions\untexturedobjects\gl\multidraw.h">
      <Filter>Solutions\UntexturedObjects\GL\MultiDraw</Filter>
    </ClInclude>
    <ClInclude Include="C:\Users\jerry\Documents\apitest\src\solutions\untexturedobjects\gl\multidrawbuffer.h">
      <Filter>Solutions\UntexturedObjects\GL\MultiDrawBuffer</Filter>
    </ClInclude>
    <ClInclude Include="C:\Users\jerry\Documents\apitest\src\solutions\untexturedobjects\gl\texcoord.h">
      <Filter>Solutions\UntexturedObjects\GL\TexCoord</Filter>
    </ClInclude>
    <ClInclude Include="C:\Users\jerry\Documents\apitest\src\solutions\untexturedobjects\gl\uniform.h">
      <Filter>Solutions\UntexturedObjects\GL\Uniforms</Filter>
    </ClInclude>
    <ClInclude Include="C:\Users\jerry\Documents\apitest\src\solutions\untexturedobjectssoln.h">
      <Filter>Solutions\UntexturedObjects</Filter>
    </ClInclude>
  </ItemGroup>
  <ItemGroup>
    <CustomBuild Include="C:\Users\jerry\Documents\apitest\src\CMakeLists.txt" />
  </ItemGroup>
  <ItemGroup>
    <None Include="C:\Users\jerry\Documents\apitest\bin\Shaders\glsl\cubes_gl_bindless_vs.glsl">
      <Filter>Solutions\UntexturedObjects\GL\Bindless</Filter>
    </None>
    <None Include="C:\Users\jerry\Documents\apitest\bin\Shaders\glsl\cubes_gl_bindless_fs.glsl">
      <Filter>Solutions\UntexturedObjects\GL\Bindless</Filter>
    </None>
    <None Include="C:\Users\jerry\Documents\apitest\bin\Shaders\glsl\cubes_gl_bindless_indirect_vs.glsl">
      <Filter>Solutions\UntexturedObjects\GL\BindlessIndirect</Filter>
    </None>
    <None Include="C:\Users\jerry\Documents\apitest\bin\Shaders\glsl\cubes_gl_bindless_indirect_fs.glsl">
      <Filter>Solutions\UntexturedObjects\GL\BindlessIndirect</Filter>
    </None>
    <None Include="C:\Users\jerry\Documents\apitest\bin\Shaders\glsl\cubes_gl_buffer_range_vs.glsl">
      <Filter>Solutions\UntexturedObjects\GL\BufferRange</Filter>
    </None>
    <None Include="C:\Users\jerry\Documents\apitest\bin\Shaders\glsl\cubes_gl_buffer_range_fs.glsl">
      <Filter>Solutions\UntexturedObjects\GL\BufferRange</Filter>
    </None>
    <None Include="C:\Users\jerry\Documents\apitest\bin\Shaders\glsl\cubes_gl_buffer_storage_vs.glsl">
      <Filter>Solutions\UntexturedObjects\GL\BufferStorage</Filter>
    </None>
    <None Include="C:\Users\jerry\Documents\apitest\bin\Shaders\glsl\cubes_gl_buffer_storage_fs.glsl">
      <Filter>Solutions\UntexturedObjects\GL\BufferStorage</Filter>
    </None>
    <None Include="C:\Users\jerry\Documents\apitest\bin\Shaders\glsl\cubes_gl_dynamic_buffer_vs.glsl">
      <Filter>Solutions\UntexturedObjects\GL\DynamicBuffer</Filter>
    </None>
    <None Include="C:\Users\jerry\Documents\apitest\bin\Shaders\glsl\cubes_gl_dynamic_buffer_fs.glsl">
      <Filter>Solutions\UntexturedObjects\GL\DynamicBuffer</Filter>
    </None>
    <None Include="C:\Users\jerry\Documents\apitest\bin\Shaders\glsl\cubes_gl_map_vs.glsl">
      <Filter>Solutions\UntexturedObjects\GL\MapUnsynchronized</Filter>
    </None>
    <None Include="C:\Users\jerry\Documents\apitest\bin\Shaders\glsl\cubes_gl_map_fs.glsl">
      <Filter>Solutions\UntexturedObjects\GL\MapUnsynchronized</Filter>
    </None>
    <None Include="C:\Users\jerry\Documents\apitest\bin\Shaders\glsl\cubes_gl_multi_draw_vs.glsl">
      <Filter>Solutions\UntexturedObjects\GL\MultiDraw</Filter>
    </None>
    <None Include="C:\Users\jerry\Documents\apitest\bin\Shaders\glsl\cubes_gl_multi_draw_fs.glsl">
      <Filter>Solutions\UntexturedObjects\GL\MultiDraw</Filter>
    </None>
    <None Include="C:\Users\jerry\Documents\apitest\bin\Shaders\glsl\cubes_gl_tex_coord_vs.glsl">
      <Filter>Solutions\UntexturedObjects\GL\TexCoord</Filter>
    </None>
    <None Include="C:\Users\jerry\Documents\apitest\bin\Shaders\glsl\cubes_gl_tex_coord_fs.glsl">
      <Filter>Solutions\UntexturedObjects\GL\TexCoord</Filter>
    </None>
    <None Include="C:\Users\jerry\Documents\apitest\bin\Shaders\glsl\cubes_gl_uniform_vs.glsl">
      <Filter>Solutions\UntexturedObjects\GL\Uniforms</Filter>
    </None>
    <None Include="C:\Users\jerry\Documents\apitest\bin\Shaders\glsl\cubes_gl_uniform_fs.glsl">
      <Filter>Solutions\UntexturedObjects\GL\Uniforms</Filter>
    </None>
    <None Include="C:\Users\jerry\Documents\apitest\bin\Shaders\glsl\streaming_vb_gl_vs.glsl">
      <Filter>Solutions\DynamicStreaming\GL</Filter>
    </None>
    <None Include="C:\Users\jerry\Documents\apitest\bin\Shaders\glsl\streaming_vb_gl_fs.glsl">
      <Filter>Solutions\DynamicStreaming\GL</Filter>
    </None>
    <None Include="C:\Users\jerry\Documents\apitest\bin\Shaders\glsl\textures_gl_bindless_vs.glsl">
      <Filter>Solutions\TexturedQuads\GL\Bindless</Filter>
    </None>
    <None Include="C:\Users\jerry\Documents\apitest\bin\Shaders\glsl\textures_gl_bindless_fs.glsl">
      <Filter>Solutions\TexturedQuads\GL\Bindless</Filter>
    </None>
    <None Include="C:\Users\jerry\Documents\apitest\bin\Shaders\glsl\textures_gl_bindless_multidraw_vs.glsl">
      <Filter>Solutions\TexturedQuads\GL\BindlessMultidraw</Filter>
    </None>
    <None Include="C:\Users\jerry\Documents\apitest\bin\Shaders\glsl\textures_gl_bindless_multidraw_fs.glsl">
      <Filter>Solutions\TexturedQuads\GL\BindlessMultidraw</Filter>
    </None>
    <None Include="C:\Users\jerry\Documents\apitest\bin\Shaders\glsl\textures_gl_naive_vs.glsl">
      <Filter>Solutions\TexturedQuads\GL\Naive</Filter>
    </None>
    <None Include="C:\Users\jerry\Documents\apitest\bin\Shaders\glsl\textures_gl_naive_fs.glsl">
      <Filter>Solutions\TexturedQuads\GL\Naive</Filter>
    </None>
    <None Include="C:\Users\jerry\Documents\apitest\bin\Shaders\glsl\textures_gl_naive_uniform_vs.glsl">
      <Filter>Solutions\TexturedQuads\GL\NaiveUniform</Filter>
    </None>
    <None Include="C:\Users\jerry\Documents\apitest\bin\Shaders\glsl\textures_gl_naive_uniform_fs.glsl">
      <Filter>Solutions\TexturedQuads\GL\NaiveUniform</Filter>
    </None>
    <None Include="C:\Users\jerry\Documents\apitest\bin\Shaders\glsl\textures_gl_notex_vs.glsl">
      <Filter>Solutions\TexturedQuads\GL\Notex (SOL)</Filter>
    </None>
    <None Include="C:\Users\jerry\Documents\apitest\bin\Shaders\glsl\textures_gl_notex_fs.glsl">
      <Filter>Solutions\TexturedQuads\GL\Notex (SOL)</Filter>
    </None>
    <None Include="C:\Users\jerry\Documents\apitest\bin\Shaders\glsl\textures_gl_notex_uniform_vs.glsl">
      <Filter>Solutions\TexturedQuads\GL\NotexUniform</Filter>
    </None>
    <None Include="C:\Users\jerry\Documents\apitest\bin\Shaders\glsl\textures_gl_notex_uniform_fs.glsl">
      <Filter>Solutions\TexturedQuads\GL\NotexUniform</Filter>
    </None>
    <None Include="C:\Users\jerry\Documents\apitest\bin\Shaders\glsl\textures_gl_texture_array_vs.glsl">
      <Filter>Solutions\TexturedQuads\GL\TextureArray</Filter>
    </None>
    <None Include="C:\Users\jerry\Documents\apitest\bin\Shaders\glsl\textures_gl_texture_array_fs.glsl">
      <Filter>Solutions\TexturedQuads\GL\TextureArray</Filter>
    </None>
    <None Include="C:\Users\jerry\Documents\apitest\bin\Shaders\glsl\textures_gl_texture_array_uniform_vs.glsl">
      <Filter>Solutions\TexturedQuads\GL\TextureArrayUniform</Filter>
    </None>
    <None Include="C:\Users\jerry\Documents\apitest\bin\Shaders\glsl\textures_gl_texture_array_uniform_fs.glsl">
      <Filter>Solutions\TexturedQuads\GL\TextureArrayUniform</Filter>
    </None>
    <None Include="C:\Users\jerry\Documents\apitest\bin\Shaders\glsl\textures_gl_texture_array_multidraw_vs.glsl">
      <Filter>Solutions\TexturedQuads\GL\TextureArrayMultidraw</Filter>
    </None>
    <None Include="C:\Users\jerry\Documents\apitest\bin\Shaders\glsl\textures_gl_texture_array_multidraw_fs.glsl">
      <Filter>Solutions\TexturedQuads\GL\TextureArrayMultidraw</Filter>
    </None>
    <None Include="C:\Users\jerry\Documents\apitest\bin\Shaders\glsl\textures_gl_sparse_bindless_texture_array_vs.glsl">
      <Filter>Solutions\TexturedQuads\GL\SparseBindlessTextureArray</Filter>
    </None>
    <None Include="C:\Users\jerry\Documents\apitest\bin\Shaders\glsl\textures_gl_sparse_bindless_texture_array_fs.glsl">
      <Filter>Solutions\TexturedQuads\GL\SparseBindlessTextureArray</Filter>
    </None>
    <None Include="C:\Users\jerry\Documents\apitest\bin\Shaders\glsl\textures_gl_sparse_bindless_texture_array_multidraw_vs.glsl">
      <Filter>Solutions\TexturedQuads\GL\SparseBindlessTextureArrayMultidraw</Filter>
    </None>
    <None Include="C:\Users\jerry\Documents\apitest\bin\Shaders\glsl\textures_gl_sparse_bindless_texture_array_multidraw_fs.glsl">
      <Filter>Solutions\TexturedQuads\GL\SparseBindlessTextureArrayMultidraw</Filter>
    </None>
  </ItemGroup>
  <ItemGroup>
    <Filter Include="Solutions\TexturedQuads\D3D11\Naive">
      <UniqueIdentifier>{C7F27940-DE60-4E8F-8E2F-F88DB223CE5E}</UniqueIdentifier>
    </Filter>
    <Filter Include="Solutions\DynamicStreaming\D3D12\Map">
      <UniqueIdentifier>{B463C9FD-D8E3-42A5-9C30-25B72B6747CE}</UniqueIdentifier>
    </Filter>
    <Filter Include="Solutions\DynamicStreaming\D3D12\MultiThread">
      <UniqueIdentifier>{E1830413-D6D1-45D6-9E7B-15A095BF3332}</UniqueIdentifier>
    </Filter>
    <Filter Include="Solutions\DynamicStreaming\D3D11\MapNoOverwrite">
      <UniqueIdentifier>{6F86F11C-010E-4BA7-8E24-90F90EFCD2C1}</UniqueIdentifier>
    </Filter>
    <Filter Include="Solutions\DynamicStreaming\D3D11\UpdateSubResource">
      <UniqueIdentifier>{D541E30C-3FBF-4EA5-861C-8ECFDB6B6F05}</UniqueIdentifier>
    </Filter>
    <Filter Include="Solutions\TexturedQuads\D3D11">
      <UniqueIdentifier>{B7809882-F025-4667-B896-34E1AE3FA614}</UniqueIdentifier>
    </Filter>
    <Filter Include="Solutions\TexturedQuads\GL">
      <UniqueIdentifier>{B71CF2F3-86EF-4278-8672-2612CB744D28}</UniqueIdentifier>
    </Filter>
    <Filter Include="Solutions\TexturedQuads\D3D12">
      <UniqueIdentifier>{964F1B50-EEBB-437D-9D1E-1D970D843B7E}</UniqueIdentifier>
    </Filter>
    <Filter Include="Solutions\UntexturedObjects\D3D12">
      <UniqueIdentifier>{8AAF35FF-3D83-4168-94D1-D4AEEAA4433D}</UniqueIdentifier>
    </Filter>
    <Filter Include="Solutions\UntexturedObjects\D3D11">
      <UniqueIdentifier>{835B4C40-579B-4B23-B8AA-C06D40D0306C}</UniqueIdentifier>
    </Filter>
    <Filter Include="Solutions\UntexturedObjects\GL">
      <UniqueIdentifier>{F7B2915C-C9B3-49BC-BD56-0EB5EBBD7640}</UniqueIdentifier>
    </Filter>
    <Filter Include="Solutions\DynamicStreaming\D3D11">
      <UniqueIdentifier>{7AF0CE0F-A0F8-40EE-92D1-2F3992AD4DE1}</UniqueIdentifier>
    </Filter>
    <Filter Include="Solutions\DynamicStreaming\GL">
      <UniqueIdentifier>{FBA5035D-3FDD-43F1-8C07-6CA64A82BD8D}</UniqueIdentifier>
    </Filter>
    <Filter Include="Solutions\DynamicStreaming\D3D12">
      <UniqueIdentifier>{E8D0E0D9-8051-4528-8033-A45FE339F6B7}</UniqueIdentifier>
    </Filter>
    <Filter Include="Solutions\DynamicStreaming\GL\BufferSubData">
      <UniqueIdentifier>{0F621E93-3377-49D5-A37D-0EAAF31E21E5}</UniqueIdentifier>
    </Filter>
    <Filter Include="Solutions\DynamicStreaming\GL\MapUnsynchronized">
      <UniqueIdentifier>{15F675F6-5DDF-4D1A-8662-A2A845C9814B}</UniqueIdentifier>
    </Filter>
    <Filter Include="Solutions\DynamicStreaming\GL\MapPersistent">
      <UniqueIdentifier>{AE6C38FE-7428-42B7-B8E3-859DBD516978}</UniqueIdentifier>
    </Filter>
    <Filter Include="Solutions\TexturedQuads\D3D12\Naive">
      <UniqueIdentifier>{D5C7A894-4449-49B0-9CF7-AA0FAF08131A}</UniqueIdentifier>
    </Filter>
    <Filter Include="Solutions\TexturedQuads\D3D12\MultiThread">
      <UniqueIdentifier>{E7F61BB6-1A0D-40E9-AA3B-DD6B6A2FE57A}</UniqueIdentifier>
    </Filter>
    <Filter Include="Solutions\TexturedQuads\D3D12\Notex(SOL)">
      <UniqueIdentifier>{127AAF53-6C2D-4342-9936-E8D64926AD11}</UniqueIdentifier>
    </Filter>
    <Filter Include="Framework">
      <UniqueIdentifier>{2398A2FF-18AD-4FFA-8CBD-E8F5F496F26D}</UniqueIdentifier>
    </Filter>
    <Filter Include="GL">
      <UniqueIdentifier>{59B6F351-D220-4092-A89C-D1DB974FBD47}</UniqueIdentifier>
    </Filter>
    <Filter Include="PCH">
      <UniqueIdentifier>{0800F13F-101A-4A9F-B86F-EA322F1D5DCF}</UniqueIdentifier>
    </Filter>
    <Filter Include="Problems">
      <UniqueIdentifier>{5442EB79-1A4E-4C6F-BFD7-2FFA7BA9CC56}</UniqueIdentifier>
    </Filter>
    <Filter Include="Solutions">
      <UniqueIdentifier>{D5069E7B-EAD8-4EFA-A7C5-C18510EE7D26}</UniqueIdentifier>
    </Filter>
    <Filter Include="Solutions\DynamicStreaming">
      <UniqueIdentifier>{AB57C545-9E3A-4607-A270-8027A5071253}</UniqueIdentifier>
    </Filter>
    <Filter Include="Solutions\Null">
      <UniqueIdentifier>{C3265537-88EC-412F-972D-4429C1AA8B47}</UniqueIdentifier>
    </Filter>
    <Filter Include="Solutions\TexturedQuads">
      <UniqueIdentifier>{945FACAF-8B89-4D62-BD86-BD52C9F68ADF}</UniqueIdentifier>
    </Filter>
    <Filter Include="Solutions\UntexturedObjects">
      <UniqueIdentifier>{5F9EAE6E-D03E-4040-AA98-DBA34116336B}</UniqueIdentifier>
    </Filter>
    <Filter Include="Solutions\TexturedQuads\GL\Bindless">
      <UniqueIdentifier>{D96EEC9B-AC41-4513-B268-7823B85F7F60}</UniqueIdentifier>
    </Filter>
    <Filter Include="Solutions\TexturedQuads\GL\BindlessMultidraw">
      <UniqueIdentifier>{CDDE05A3-1418-4297-B6EA-C01A94594EA8}</UniqueIdentifier>
    </Filter>
    <Filter Include="Solutions\TexturedQuads\GL\Naive">
      <UniqueIdentifier>{BEC8B662-F37C-4BA8-AB5A-419123850594}</UniqueIdentifier>
    </Filter>
    <Filter Include="Solutions\TexturedQuads\GL\NaiveUniform">
      <UniqueIdentifier>{1337371A-9CB6-4BB9-B52B-6C7E0F698DF0}</UniqueIdentifier>
    </Filter>
    <Filter Include="Solutions\TexturedQuads\GL\Notex (SOL)">
      <UniqueIdentifier>{C13974FC-591C-4D79-8225-C007EA73D3B0}</UniqueIdentifier>
    </Filter>
    <Filter Include="Solutions\TexturedQuads\GL\NotexUniform">
      <UniqueIdentifier>{38ADE18E-4A97-408E-AAD4-6338278BF0DA}</UniqueIdentifier>
    </Filter>
    <Filter Include="Solutions\TexturedQuads\GL\TextureArray">
      <UniqueIdentifier>{01CA8C08-3932-4296-8856-52263C2F767B}</UniqueIdentifier>
    </Filter>
    <Filter Include="Solutions\TexturedQuads\GL\TextureArrayUniform">
      <UniqueIdentifier>{B8D678DD-7774-4162-B0BA-F89E26866C23}</UniqueIdentifier>
    </Filter>
    <Filter Include="Solutions\TexturedQuads\GL\TextureArrayMultidraw">
      <UniqueIdentifier>{0CC83D84-D12E-49E4-8898-CAA2B3B4107B}</UniqueIdentifier>
    </Filter>
    <Filter Include="Solutions\TexturedQuads\GL\TextureArrayMultidrawBuffer">
      <UniqueIdentifier>{4251C8B0-F1C6-4A1B-BF89-E390167DE00D}</UniqueIdentifier>
    </Filter>
    <Filter Include="Solutions\TexturedQuads\GL\SparseBindlessTextureArray">
      <UniqueIdentifier>{0A6BAA02-0460-443D-803D-88E3A19D4A5E}</UniqueIdentifier>
    </Filter>
    <Filter Include="Solutions\TexturedQuads\GL\SparseBindlessTextureArrayMultidraw">
      <UniqueIdentifier>{9938C52E-49D7-4057-82C9-12D9078C4C15}</UniqueIdentifier>
    </Filter>
    <Filter Include="Solutions\UntexturedObjects\D3D12\SetConstants">
      <UniqueIdentifier>{18A5A24F-1A28-429E-9CFF-439063DEBEE6}</UniqueIdentifier>
    </Filter>
    <Filter Include="Solutions\UntexturedObjects\D3D12\SetConstantBufferView">
      <UniqueIdentifier>{1FD656EF-CCCE-4803-9338-E95ACFACFBF7}</UniqueIdentifier>
    </Filter>
    <Filter Include="Solutions\UntexturedObjects\D3D12\ExecuteIndirect">
      <UniqueIdentifier>{A85C0BB6-49A5-4D07-B0E2-5C194ADFDE0B}</UniqueIdentifier>
    </Filter>
    <Filter Include="Solutions\UntexturedObjects\D3D12\MultiThread">
      <UniqueIdentifier>{A654A015-A132-4AEB-B28B-2B688F62649D}</UniqueIdentifier>
    </Filter>
    <Filter Include="Solutions\UntexturedObjects\D3D11\Naive">
      <UniqueIdentifier>{2F26374F-BDDD-4075-B390-D822C06770A6}</UniqueIdentifier>
    </Filter>
    <Filter Include="Solutions\UntexturedObjects\GL\Bindless">
      <UniqueIdentifier>{900BF5AD-F4C7-4B87-BD9C-C3644A5BF86E}</UniqueIdentifier>
    </Filter>
    <Filter Include="Solutions\UntexturedObjects\GL\BindlessIndirect">
      <UniqueIdentifier>{69B6E963-AC71-4E90-8306-FD4C05092599}</UniqueIdentifier>
    </Filter>
    <Filter Include="Solutions\UntexturedObjects\GL\BufferRange">
      <UniqueIdentifier>{C2827D18-B831-47B9-B88F-BDEC86F8481C}</UniqueIdentifier>
    </Filter>
    <Filter Include="Solutions\UntexturedObjects\GL\BufferStorage">
      <UniqueIdentifier>{31BAB0E1-3695-49B9-BF8F-7075C6BCCF1A}</UniqueIdentifier>
    </Filter>
    <Filter Include="Solutions\UntexturedObjects\GL\DynamicBuffer">
      <UniqueIdentifier>{8D5E970D-9F7B-414A-A80E-17E7B21A74ED}</UniqueIdentifier>
    </Filter>
    <Filter Include="Solutions\UntexturedObjects\GL\MapUnsynchronized">
      <UniqueIdentifier>{243FDF9B-E64E-4AD7-A3A7-FB4286D0A705}</UniqueIdentifier>
    </Filter>
    <Filter Include="Solutions\UntexturedObjects\GL\MapPersistent">
      <UniqueIdentifier>{53AAF734-73D8-497F-B21A-5EAFEA876D85}</UniqueIdentifier>
    </Filter>
    <Filter Include="Solutions\UntexturedObjects\GL\DrawLoop">
      <UniqueIdentifier>{DA4D053D-3CC1-4943-926F-A83E68B043DE}</UniqueIdentifier>
    </Filter>
    <Filter Include="Solutions\UntexturedObjects\GL\MultiDraw">
      <UniqueIdentifier>{26436924-9190-42DA-BC20-92C5613D9536}</UniqueIdentifier>
    </Filter>
    <Filter Include="Solutions\UntexturedObjects\GL\MultiDrawBuffer">
      <UniqueIdentifier>{E60224F0-07AC-4888-ADF2-8DAD6E58DE87}</UniqueIdentifier>
    </Filter>
    <Filter Include="Solutions\UntexturedObjects\GL\TexCoord">
      <UniqueIdentifier>{4A720D01-A110-440A-91F2-DDE45DF398B3}</UniqueIdentifier>
    </Filter>
    <Filter Include="Solutions\UntexturedObjects\GL\Uniforms">
      <UniqueIdentifier>{7B89A5C8-C11B-47B5-BD6A-40407AEDB17C}</UniqueIdentifier>
    </Filter>
  </ItemGroup>
</Project>
